
Microsoft Visual Studio Solution File, Format Version 12.00
# Visual Studio Version 17
VisualStudioVersion = 17.7.34031.279
MinimumVisualStudioVersion = 10.0.40219.1
Project("{8BC9CEB8-8B4A-11D0-8D11-00A0C91BC942}") = "SortStudents", "SortStudents.vcxproj", "{867698E5-2AAF-484B-B083-166EE0D6FF34}"
EndProject
Global
	GlobalSection(SolutionConfigurationPlatforms) = preSolution
		Debug|x64 = Debug|x64
		Debug|x86 = Debug|x86
		Release|x64 = Release|x64
		Release|x86 = Release|x86
	EndGlobalSection
	GlobalSection(ProjectConfigurationPlatforms) = postSolution
		{867698E5-2AAF-484B-B083-166EE0D6FF34}.Debug|x64.ActiveCfg = Debug|x64
		{867698E5-2AAF-484B-B083-166EE0D6FF34}.Debug|x64.Build.0 = Debug|x64
		{867698E5-2AAF-484B-B083-166EE0D6FF34}.Debug|x86.ActiveCfg = Debug|Win32
		{867698E5-2AAF-484B-B083-166EE0D6FF34}.Debug|x86.Build.0 = Debug|Win32
		{867698E5-2AAF-484B-B083-166EE0D6FF34}.Release|x64.ActiveCfg = Release|x64
		{867698E5-2AAF-484B-B083-166EE0D6FF34}.Release|x64.Build.0 = Release|x64
		{867698E5-2AAF-484B-B083-166EE0D6FF34}.Release|x86.ActiveCfg = Release|Win32
		{867698E5-2AAF-484B-B083-166EE0D6FF34}.Release|x86.Build.0 = Release|Win32
	EndGlobalSection
	GlobalSection(SolutionProperties) = preSolution
		HideSolutionNode = FALSE
	EndGlobalSection
	GlobalSection(ExtensibilityGlobals) = postSolution
		SolutionGuid = {3CDB7B52-F2A0-4ED0-855E-28D759E9A9B7}
	EndGlobalSection
EndGlobal
